
Microsoft Visual Studio Solution File, Format Version 11.00
# Visual Studio 2010
Project("{FAE04EC0-301F-11D3-BF4B-00C04F79EFBC}") = "star-chase", "Assembly-CSharp.csproj", "{C6E0EB2F-4972-09AB-187C-A499EE5ABE52}"
EndProject
Global
	GlobalSection(SolutionConfigurationPlatforms) = preSolution
		Debug|Any CPU = Debug|Any CPU
		Release|Any CPU = Release|Any CPU
	EndGlobalSection
	GlobalSection(ProjectConfigurationPlatforms) = postSolution
		{C6E0EB2F-4972-09AB-187C-A499EE5ABE52}.Debug|Any CPU.ActiveCfg = Debug|Any CPU
		{C6E0EB2F-4972-09AB-187C-A499EE5ABE52}.Debug|Any CPU.Build.0 = Debug|Any CPU
		{C6E0EB2F-4972-09AB-187C-A499EE5ABE52}.Release|Any CPU.ActiveCfg = Release|Any CPU
		{C6E0EB2F-4972-09AB-187C-A499EE5ABE52}.Release|Any CPU.Build.0 = Release|Any CPU
	EndGlobalSection
	GlobalSection(SolutionProperties) = preSolution
		HideSolutionNode = FALSE
	EndGlobalSection
	GlobalSection(MonoDevelopProperties) = preSolution
		StartupItem = Assembly-CSharp.csproj
	EndGlobalSection
EndGlobal
